github.com/ThomasT75/uinput v1.9.0 h1:NcBIreJ12Qrv1cRPGSXmqx1nYE5izsGzkpNVRbLSTAk=
github.com/ThomasT75/uinput v1.9.0/go.mod h1:BRwaDsjfc/730h5TfN5a1h0yGoEmuCwp5TvhxfUBU6w=
github.com/grafov/evdev v1.0.0 h1:/rsOssITVhM7GPMyvlT34kiAOnvYzKJnKvuOqaMYW7c=
github.com/grafov/evdev v1.0.0/go.mod h1:dcJfZnwr3VySHuphTV+Q0JcbP3AWR9W4WqbLeA3bG6U=
